{
  "name": "njs-temp",
  "version": "1.0.0",
  "lockfileVersion": 1,
  "requires": true,
  "dependencies": {
    "set-tz": {
      "version": "0.2.0",
      "resolved": "https://registry.npmjs.org/set-tz/-/set-tz-0.2.0.tgz",
      "integrity": "sha512-LDEBBYjFt57i83bqWN5MFpff++56Q7VfY/m0/GpSfF9BgmjqnLO3Izaf44PDC5dsUDPy4kx1ZV2QDtuBq7MP+g==",
      "requires": {
        "windows-iana": "^3.0.0"
      }
    },
    "windows-iana": {
      "version": "3.1.0",
      "resolved": "https://registry.npmjs.org/windows-iana/-/windows-iana-3.1.0.tgz",
      "integrity": "sha512-rCPf3AakAAgvapnbYVvG2bQyI3g6EDbPpjDJ72fdAu+XTzB1qvX4ZC6OnZ0I2+thaspjTb+8KwdyhdBl8Lt/QA=="
    }
  }
}
